
Microsoft Visual Studio Solution File, Format Version 12.00
# Visual Studio Version 16
VisualStudioVersion = 16.0.30114.105
MinimumVisualStudioVersion = 10.0.40219.1
Project("{2150E333-8FDC-42A3-9474-1A3956D46DE8}") = "src", "src", "{8D02A7F0-B992-4C4C-BB75-55BD989987B6}"
EndProject
Project("{FAE04EC0-301F-11D3-BF4B-00C04F79EFBC}") = "RtFix", "src\RtFix\RtFix.csproj", "{3C928959-87F3-4F0A-88F9-2BC1BC736BC7}"
EndProject
Project("{FAE04EC0-301F-11D3-BF4B-00C04F79EFBC}") = "ConsoleHost", "src\ConsoleHost\ConsoleHost.csproj", "{B23D3922-4C1C-4CDC-AAE7-9B4F5517635A}"
EndProject
Global
	GlobalSection(SolutionConfigurationPlatforms) = preSolution
		Debug|Any CPU = Debug|Any CPU
		Release|Any CPU = Release|Any CPU
	EndGlobalSection
	GlobalSection(SolutionProperties) = preSolution
		HideSolutionNode = FALSE
	EndGlobalSection
	GlobalSection(ProjectConfigurationPlatforms) = postSolution
		{3C928959-87F3-4F0A-88F9-2BC1BC736BC7}.Debug|Any CPU.ActiveCfg = Debug|Any CPU
		{3C928959-87F3-4F0A-88F9-2BC1BC736BC7}.Debug|Any CPU.Build.0 = Debug|Any CPU
		{3C928959-87F3-4F0A-88F9-2BC1BC736BC7}.Release|Any CPU.ActiveCfg = Release|Any CPU
		{3C928959-87F3-4F0A-88F9-2BC1BC736BC7}.Release|Any CPU.Build.0 = Release|Any CPU
		{B23D3922-4C1C-4CDC-AAE7-9B4F5517635A}.Debug|Any CPU.ActiveCfg = Debug|Any CPU
		{B23D3922-4C1C-4CDC-AAE7-9B4F5517635A}.Debug|Any CPU.Build.0 = Debug|Any CPU
		{B23D3922-4C1C-4CDC-AAE7-9B4F5517635A}.Release|Any CPU.ActiveCfg = Release|Any CPU
		{B23D3922-4C1C-4CDC-AAE7-9B4F5517635A}.Release|Any CPU.Build.0 = Release|Any CPU
	EndGlobalSection
	GlobalSection(NestedProjects) = preSolution
		{3C928959-87F3-4F0A-88F9-2BC1BC736BC7} = {8D02A7F0-B992-4C4C-BB75-55BD989987B6}
		{B23D3922-4C1C-4CDC-AAE7-9B4F5517635A} = {8D02A7F0-B992-4C4C-BB75-55BD989987B6}
	EndGlobalSection
EndGlobal
